
Microsoft Visual Studio Solution File, Format Version 12.00
# Visual Studio Version 17
VisualStudioVersion = 17.10.35122.118
MinimumVisualStudioVersion = 10.0.40219.1
Project("{9A19103F-16F7-4668-BE54-9A1E7A4F7556}") = "Server", "Server\Server.csproj", "{B32138A5-5DDD-47A7-A9A9-A8D5072BF075}"
EndProject
Project("{9A19103F-16F7-4668-BE54-9A1E7A4F7556}") = "ServerLibrary", "ServerLibrary\ServerLibrary.csproj", "{33F67EA2-27AE-4F9F-A035-874A13D9E1A7}"
EndProject
Project("{9A19103F-16F7-4668-BE54-9A1E7A4F7556}") = "ClientLibrary", "ClientLibrary\ClientLibrary.csproj", "{53EEA756-B8B4-49DC-BCA4-04B2FD3FAA7C}"
EndProject
Project("{9A19103F-16F7-4668-BE54-9A1E7A4F7556}") = "BaseLibrary", "BaseLibrary\BaseLibrary.csproj", "{D139E57B-C4EF-49EC-B9BB-803254834064}"
EndProject
Project("{9A19103F-16F7-4668-BE54-9A1E7A4F7556}") = "Client", "Client\Client.csproj", "{B53100CE-B725-474C-8295-589E205476CE}"
EndProject
Global
	GlobalSection(SolutionConfigurationPlatforms) = preSolution
		Debug|Any CPU = Debug|Any CPU
		Release|Any CPU = Release|Any CPU
	EndGlobalSection
	GlobalSection(ProjectConfigurationPlatforms) = postSolution
		{B32138A5-5DDD-47A7-A9A9-A8D5072BF075}.Debug|Any CPU.ActiveCfg = Debug|Any CPU
		{B32138A5-5DDD-47A7-A9A9-A8D5072BF075}.Debug|Any CPU.Build.0 = Debug|Any CPU
		{B32138A5-5DDD-47A7-A9A9-A8D5072BF075}.Release|Any CPU.ActiveCfg = Release|Any CPU
		{B32138A5-5DDD-47A7-A9A9-A8D5072BF075}.Release|Any CPU.Build.0 = Release|Any CPU
		{33F67EA2-27AE-4F9F-A035-874A13D9E1A7}.Debug|Any CPU.ActiveCfg = Debug|Any CPU
		{33F67EA2-27AE-4F9F-A035-874A13D9E1A7}.Debug|Any CPU.Build.0 = Debug|Any CPU
		{33F67EA2-27AE-4F9F-A035-874A13D9E1A7}.Release|Any CPU.ActiveCfg = Release|Any CPU
		{33F67EA2-27AE-4F9F-A035-874A13D9E1A7}.Release|Any CPU.Build.0 = Release|Any CPU
		{53EEA756-B8B4-49DC-BCA4-04B2FD3FAA7C}.Debug|Any CPU.ActiveCfg = Debug|Any CPU
		{53EEA756-B8B4-49DC-BCA4-04B2FD3FAA7C}.Debug|Any CPU.Build.0 = Debug|Any CPU
		{53EEA756-B8B4-49DC-BCA4-04B2FD3FAA7C}.Release|Any CPU.ActiveCfg = Release|Any CPU
		{53EEA756-B8B4-49DC-BCA4-04B2FD3FAA7C}.Release|Any CPU.Build.0 = Release|Any CPU
		{D139E57B-C4EF-49EC-B9BB-803254834064}.Debug|Any CPU.ActiveCfg = Debug|Any CPU
		{D139E57B-C4EF-49EC-B9BB-803254834064}.Debug|Any CPU.Build.0 = Debug|Any CPU
		{D139E57B-C4EF-49EC-B9BB-803254834064}.Release|Any CPU.ActiveCfg = Release|Any CPU
		{D139E57B-C4EF-49EC-B9BB-803254834064}.Release|Any CPU.Build.0 = Release|Any CPU
		{B53100CE-B725-474C-8295-589E205476CE}.Debug|Any CPU.ActiveCfg = Debug|Any CPU
		{B53100CE-B725-474C-8295-589E205476CE}.Debug|Any CPU.Build.0 = Debug|Any CPU
		{B53100CE-B725-474C-8295-589E205476CE}.Release|Any CPU.ActiveCfg = Release|Any CPU
		{B53100CE-B725-474C-8295-589E205476CE}.Release|Any CPU.Build.0 = Release|Any CPU
	EndGlobalSection
	GlobalSection(SolutionProperties) = preSolution
		HideSolutionNode = FALSE
	EndGlobalSection
	GlobalSection(ExtensibilityGlobals) = postSolution
		SolutionGuid = {59A49055-DEE4-409C-AB21-D7D0D7284B12}
	EndGlobalSection
EndGlobal
